lockfileVersion: '9.0'

settings:
  autoInstallPeers: true
  excludeLinksFromLockfile: false

importers:

  .:
    devDependencies:
      protoc:
        specifier: ^25.9.0
        version: 25.9.0
      ts-proto:
        specifier: ^2.11.8
        version: 2.11.8
      typescript:
        specifier: ^5.8.0
        version: 5.9.3

packages:

  '@bufbuild/protobuf@2.12.0':
    resolution: {integrity: sha512-B/XlCaFIP8LOwzo+bz5uFzATYokcwCKQcghqnlfwSmM5eX/qTkvDBnDPs+gXtX/RyjxJ4DRikECcPJbyALA8FA==}

  case-anything@2.1.13:
    resolution: {integrity: sha512-zlOQ80VrQ2Ue+ymH5OuM/DlDq64mEm+B9UTdHULv5osUMD6HalNTblf2b1u/m6QecjsnOkBpqVZ+XPwIVsy7Ng==}
    engines: {node: '>=12.13'}

  detect-libc@1.0.3:
    resolution: {integrity: sha512-pGjwhsmsp4kL2RTz08wcOlGN83otlqHeD/Z5T8GXZB+/YcpQ/dgo+lbU8ZsGxV0HIvqqxo9l7mqYwyYMD9bKDg==}
    engines: {node: '>=0.10'}
    hasBin: true

  dprint-node@1.0.8:
    resolution: {integrity: sha512-iVKnUtYfGrYcW1ZAlfR/F59cUVL8QIhWoBJoSjkkdua/dkWIgjZfiLMeTjiB06X0ZLkQ0M2C1VbUj/CxkIf1zg==}

  protoc@25.9.0:
    resolution: {integrity: sha512-65AFS4xp/bgDv00zaVqmhXElCRwhAJxEzBto9mS4ZhiAvicYErbodEqy7dkVGKJWFGhPDfxjQhmOgQtJ91poZg==}
    engines: {node: '>=20.0.0'}
    hasBin: true

  ts-poet@6.12.0:
    resolution: {integrity: sha512-xo+iRNMWqyvXpFTaOAvLPA5QAWO6TZrSUs5s4Odaya3epqofBu/fMLHEWl8jPmjhA0s9sgj9sNvF1BmaQlmQkA==}

  ts-proto-descriptors@2.1.0:
    resolution: {integrity: sha512-S5EZYEQ6L9KLFfjSRpZWDIXDV/W7tAj8uW7pLsihIxyr62EAVSiKuVPwE8iWnr849Bqa53enex1jhDUcpgquzA==}

  ts-proto@2.11.8:
    resolution: {integrity: sha512-+5hzECnyVB33jxjG1BIdzAHcRBm7hjnm8womdJVp2A7xJWihP0drHHVsXYTr9i/LpWNGfh80I+AVVNzFM5AwJw==}
    hasBin: true

  typescript@5.9.3:
    resolution: {integrity: sha512-jl1vZzPDinLr9eUt3J/t7V6FgNEw9QjvBPdysz9KfQDD41fQrC2Y4vKQdiaUpFT4bXlb1RHhLpp8wtm6M5TgSw==}
    engines: {node: '>=14.17'}
    hasBin: true

snapshots:

  '@bufbuild/protobuf@2.12.0': {}

  case-anything@2.1.13: {}

  detect-libc@1.0.3: {}

  dprint-node@1.0.8:
    dependencies:
      detect-libc: 1.0.3

  protoc@25.9.0: {}

  ts-poet@6.12.0:
    dependencies:
      dprint-node: 1.0.8

  ts-proto-descriptors@2.1.0:
    dependencies:
      '@bufbuild/protobuf': 2.12.0

  ts-proto@2.11.8:
    dependencies:
      '@bufbuild/protobuf': 2.12.0
      case-anything: 2.1.13
      ts-poet: 6.12.0
      ts-proto-descriptors: 2.1.0

  typescript@5.9.3: {}
